
Microsoft Visual Studio Solution File, Format Version 12.00
# Visual Studio 2013
VisualStudioVersion = 12.0.30501.0
MinimumVisualStudioVersion = 10.0.40219.1
Project("{FAE04EC0-301F-11D3-BF4B-00C04F79EFBC}") = "HackathonNetwork", "HackathonNetwork.csproj", "{617118B1-8FE2-4F64-B357-D96444D3D795}"
EndProject
Project("{FAE04EC0-301F-11D3-BF4B-00C04F79EFBC}") = "HackathonLib", "..\HackathonLib\HackathonLib.csproj", "{2D7651B6-9830-47D2-8C78-BF6FC3B80BF8}"
EndProject
Global
	GlobalSection(SolutionConfigurationPlatforms) = preSolution
		Debug|Any CPU = Debug|Any CPU
		Release|Any CPU = Release|Any CPU
	EndGlobalSection
	GlobalSection(ProjectConfigurationPlatforms) = postSolution
		{617118B1-8FE2-4F64-B357-D96444D3D795}.Debug|Any CPU.ActiveCfg = Debug|Any CPU
		{617118B1-8FE2-4F64-B357-D96444D3D795}.Debug|Any CPU.Build.0 = Debug|Any CPU
		{617118B1-8FE2-4F64-B357-D96444D3D795}.Release|Any CPU.ActiveCfg = Release|Any CPU
		{617118B1-8FE2-4F64-B357-D96444D3D795}.Release|Any CPU.Build.0 = Release|Any CPU
		{2D7651B6-9830-47D2-8C78-BF6FC3B80BF8}.Debug|Any CPU.ActiveCfg = Debug|Any CPU
		{2D7651B6-9830-47D2-8C78-BF6FC3B80BF8}.Debug|Any CPU.Build.0 = Debug|Any CPU
		{2D7651B6-9830-47D2-8C78-BF6FC3B80BF8}.Release|Any CPU.ActiveCfg = Release|Any CPU
		{2D7651B6-9830-47D2-8C78-BF6FC3B80BF8}.Release|Any CPU.Build.0 = Release|Any CPU
	EndGlobalSection
	GlobalSection(SolutionProperties) = preSolution
		HideSolutionNode = FALSE
	EndGlobalSection
EndGlobal
